{
  "version": 1,
  "hashes": {
    "https://raw.githubusercontent.com/varavelio/vdl-plugin-go/v0.1.3/dist/index.js": "sha256-fb86487474159d068648551d7410e4989fdcaf477b317bce2a76c8e875fee90f",
    "https://raw.githubusercontent.com/varavelio/vdl-plugin-rpc-go/v0.1.2/dist/index.js": "sha256-da31800b630fcfba4e746c858b9adecfd2b148cb400a5be73495180ec813ec89"
  }
}
